{
  "version": "5",
  "specifiers": {
    "jsr:@david/dax@0.42.0": "0.42.0",
    "jsr:@david/path@0.2": "0.2.0",
    "jsr:@david/which@0.4.2": "0.4.2",
    "jsr:@david/which@~0.4.1": "0.4.2",
    "jsr:@ensemble/core@0.27": "0.27.0",
    "jsr:@ensemble/host@0.27": "0.27.0",
    "jsr:@ensemble/kit-sdk@*": "0.27.0",
    "jsr:@std/assert@0.221": "0.221.0",
    "jsr:@std/assert@1.0.14": "1.0.14",
    "jsr:@std/assert@^1.0.15": "1.0.19",
    "jsr:@std/assert@^1.0.19": "1.0.19",
    "jsr:@std/bytes@0.221": "0.221.0",
    "jsr:@std/cli@1.0.32": "1.0.32",
    "jsr:@std/dotenv@0.225.5": "0.225.5",
    "jsr:@std/fmt@1": "1.0.10",
    "jsr:@std/fmt@1.0.10": "1.0.10",
    "jsr:@std/fs@1": "1.0.24",
    "jsr:@std/fs@1.0.24": "1.0.24",
    "jsr:@std/fs@^1.0.19": "1.0.24",
    "jsr:@std/internal@^1.0.10": "1.0.14",
    "jsr:@std/internal@^1.0.12": "1.0.14",
    "jsr:@std/internal@^1.0.14": "1.0.14",
    "jsr:@std/io@0.221": "0.221.0",
    "jsr:@std/path@1": "1.1.6",
    "jsr:@std/path@1.1.6": "1.1.6",
    "jsr:@std/path@^1.1.2": "1.1.6",
    "jsr:@std/path@^1.1.5": "1.1.6",
    "jsr:@std/streams@0.221": "0.221.0",
    "jsr:@std/testing@1.0.16": "1.0.16",
    "jsr:@std/yaml@1.1.2": "1.1.2",
    "npm:@tailwindcss/cli@4.1.13": "4.1.13",
    "npm:@types/pg@^8.11.10": "8.23.1",
    "npm:@types/react-dom@19.2.3": "19.2.3_@types+react@19.2.17",
    "npm:@types/react@19.2.17": "19.2.17",
    "npm:better-auth@^1.7.3": "1.7.6_pg@8.23.0_react@19.2.0_react-dom@19.2.0",
    "npm:class-variance-authority@0.7.1": "0.7.1",
    "npm:clsx@2.1.1": "2.1.1",
    "npm:esbuild@0.25.10": "0.25.10",
    "npm:pg@^8.13.1": "8.23.0",
    "npm:playwright-core@1.55.0": "1.55.0",
    "npm:react-dom@19.2.0": "19.2.0_react@19.2.0",
    "npm:react@19.2.0": "19.2.0",
    "npm:tailwind-merge@3.3.1": "3.3.1",
    "npm:tailwindcss@4.1.13": "4.1.13",
    "npm:zod@^4.1.0": "4.6.5"
  },
  "jsr": {
    "@david/dax@0.42.0": {
      "integrity": "0c547c9a20577a6072b90def194c159c9ddab82280285ebfd8268a4ebefbd80b",
      "dependencies": [
        "jsr:@david/path",
        "jsr:@david/which@~0.4.1",
        "jsr:@std/fmt@1",
        "jsr:@std/fs@1",
        "jsr:@std/io",
        "jsr:@std/path@1",
        "jsr:@std/streams"
      ]
    },
    "@david/path@0.2.0": {
      "integrity": "f2d7aa7f02ce5a55e27c09f9f1381794acb09d328f8d3c8a2e3ab3ffc294dccd",
      "dependencies": [
        "jsr:@std/fs@1",
        "jsr:@std/path@1"
      ]
    },
    "@david/which@0.4.2": {
      "integrity": "440ee262bc0673b57a39ad4d0dc5673e515ddd41c049a55b2588a0881e5d4a8c"
    },
    "@ensemble/core@0.27.0": {
      "integrity": "1d1699d943ad58d5fe90c822364052c1c5f1acde3fd98c0f7dedd45831282a31",
      "dependencies": [
        "jsr:@std/cli",
        "jsr:@std/dotenv",
        "jsr:@std/fs@1.0.24",
        "jsr:@std/path@1.1.6",
        "jsr:@std/yaml"
      ]
    },
    "@ensemble/host@0.27.0": {
      "integrity": "f5e194411ebbdc35b536cd0e209d70a9b1ccd78d7a86f8c79a77bfc178b9be44",
      "dependencies": [
        "jsr:@david/dax",
        "jsr:@david/which@0.4.2",
        "jsr:@ensemble/core",
        "jsr:@std/fmt@1.0.10",
        "jsr:@std/fs@1.0.24",
        "jsr:@std/path@1.1.6"
      ]
    },
    "@ensemble/kit-sdk@0.27.0": {
      "integrity": "bd587e90def735fc77958cf3782e04f067cb83929393357758b2fc609e963ddb",
      "dependencies": [
        "jsr:@ensemble/core",
        "jsr:@ensemble/host"
      ]
    },
    "@std/assert@0.221.0": {
      "integrity": "a5f1aa6e7909dbea271754fd4ab3f4e687aeff4873b4cef9a320af813adb489a"
    },
    "@std/assert@1.0.14": {
      "integrity": "68d0d4a43b365abc927f45a9b85c639ea18a9fab96ad92281e493e4ed84abaa4",
      "dependencies": [
        "jsr:@std/internal@^1.0.10"
      ]
    },
    "@std/assert@1.0.19": {
      "integrity": "eaada96ee120cb980bc47e040f82814d786fe8162ecc53c91d8df60b8755991e",
      "dependencies": [
        "jsr:@std/internal@^1.0.12"
      ]
    },
    "@std/bytes@0.221.0": {
      "integrity": "64a047011cf833890a4a2ab7293ac55a1b4f5a050624ebc6a0159c357de91966"
    },
    "@std/cli@1.0.32": {
      "integrity": "188b3a100d6202d64e3f5bd3d799c7fa4f6d77f92cc65eb7f641c1fa0aa92a66"
    },
    "@std/dotenv@0.225.5": {
      "integrity": "9ce6f9d0ec3311f74a32535aa1b8c62ed88b1ab91b7f0815797d77a6f60c922f"
    },
    "@std/fmt@1.0.10": {
      "integrity": "90dfba288802ac6de82fb31d0917eb9e4450b9925b954d5e51fc29ac07419db5"
    },
    "@std/fs@1.0.24": {
      "integrity": "f3061b45b81673a2bece689da041df32d174be064c89eb6397fb5718d3fb7877",
      "dependencies": [
        "jsr:@std/internal@^1.0.14",
        "jsr:@std/path@^1.1.5"
      ]
    },
    "@std/internal@1.0.14": {
      "integrity": "291516b3d4c35024d6ffbc0a9df5bf4c64116e05b50012cf846710152d2ffdf7"
    },
    "@std/io@0.221.0": {
      "integrity": "faf7f8700d46ab527fa05cc6167f4b97701a06c413024431c6b4d207caa010da",
      "dependencies": [
        "jsr:@std/assert@0.221",
        "jsr:@std/bytes"
      ]
    },
    "@std/path@1.1.6": {
      "integrity": "c68485c2a4dfbb5ae3cc74fae4e8c4e5d874cf8a8ed12927917235c758b46cbe",
      "dependencies": [
        "jsr:@std/internal@^1.0.14"
      ]
    },
    "@std/streams@0.221.0": {
      "integrity": "47f2f74634b47449277c0ee79fe878da4424b66bd8975c032e3afdca88986e61",
      "dependencies": [
        "jsr:@std/io"
      ]
    },
    "@std/testing@1.0.16": {
      "integrity": "a917ffdeb5924c9be436dc78bc32e511760e14d3a96e49c607fc5ecca86d0092",
      "dependencies": [
        "jsr:@std/assert@^1.0.15",
        "jsr:@std/fs@^1.0.19",
        "jsr:@std/internal@^1.0.12",
        "jsr:@std/path@^1.1.2"
      ]
    },
    "@std/yaml@1.1.2": {
      "integrity": "de612653c036749ba2044165e316f52412b0f0698afffb7ee80b5331d6d2abae"
    }
  },
  "npm": {
    "@better-auth/core@1.7.6_@better-auth+utils@0.4.2_@better-fetch+fetch@1.3.2_better-call@1.4.0_jose@6.2.12_kysely@0.29.6_nanostores@1.5.4": {
      "integrity": "sha512-yBDDO0J4VCHT1qEZtzj6aMexX4etyLesitoxehcWHzPrzYqrFHwe/hgskye+imlGhQVOysuljMg8M8BA6GrtIg==",
      "dependencies": [
        "@better-auth/utils@0.4.2",
        "@better-fetch/fetch",
        "@opentelemetry/semantic-conventions",
        "@standard-schema/spec",
        "better-call",
        "jose",
        "kysely",
        "nanostores",
        "zod"
      ]
    },
    "@better-auth/drizzle-adapter@1.7.6_@better-auth+core@1.7.6_@better-auth+utils@0.4.2_@better-fetch+fetch@1.3.2_better-call@1.4.0_jose@6.2.12_kysely@0.29.6_nanostores@1.5.4": {
      "integrity": "sha512-ENlhwC7kkTjquuiel3Efggik0hC4vtD7ppJ8FhsiHhRJA8K6RT4hbhzkfm6keNvjdnAeWwCejm7FmMO4GoSGpA==",
      "dependencies": [
        "@better-auth/core",
        "@better-auth/utils@0.4.2"
      ]
    },
    "@better-auth/kysely-adapter@1.7.6_@better-auth+core@1.7.6_@better-auth+utils@0.4.2_kysely@0.29.6_@better-fetch+fetch@1.3.2_better-call@1.4.0_jose@6.2.12_nanostores@1.5.4": {
      "integrity": "sha512-BV+DX2/z/6ozNC9DYSge78wjLerq6Bxd/lSPjzzuq9eEutkQDAJTuiaETzgGYqNV5LlEWi8TZFAQTEq/wavOEQ==",
      "dependencies": [
        "@better-auth/core",
        "@better-auth/utils@0.4.2",
        "kysely"
      ],
      "optionalPeers": [
        "kysely"
      ]
    },
    "@better-auth/memory-adapter@1.7.6_@better-auth+core@1.7.6_@better-auth+utils@0.4.2_@better-fetch+fetch@1.3.2_better-call@1.4.0_jose@6.2.12_kysely@0.29.6_nanostores@1.5.4": {
      "integrity": "sha512-ng1xv8k2JsEIjnqzJzdoVOQrnoCLRuk4EiQL9yYAThyg6zYzV00LynlhH+O9OMUZ+yGVpGqGZmr5xcTiUSV2uA==",
      "dependencies": [
        "@better-auth/core",
        "@better-auth/utils@0.4.2"
      ]
    },
    "@better-auth/mongo-adapter@1.7.6_@better-auth+core@1.7.6_@better-auth+utils@0.4.2_@better-fetch+fetch@1.3.2_better-call@1.4.0_jose@6.2.12_kysely@0.29.6_nanostores@1.5.4": {
      "integrity": "sha512-GvBwZli8i4XINMAj9tlW7eV9E8Dr+JWqavXjUs2o81GZt/Vh8wiX+31KK1jQ4iOuejfjpLoXcoFtlIPgf/pVog==",
      "dependencies": [
        "@better-auth/core",
        "@better-auth/utils@0.4.2"
      ]
    },
    "@better-auth/prisma-adapter@1.7.6_@better-auth+core@1.7.6_@better-auth+utils@0.4.2_@better-fetch+fetch@1.3.2_better-call@1.4.0_jose@6.2.12_kysely@0.29.6_nanostores@1.5.4": {
      "integrity": "sha512-31rz2OXIx2Q1L4Jhd5F71dafIWqder/Bo6vJ+eCgO5iZ0gvnv7fUmM95DvbVUoPC69XYpcIM/6PJmQ3M6RydWg==",
      "dependencies": [
        "@better-auth/core",
        "@better-auth/utils@0.4.2"
      ]
    },
    "@better-auth/telemetry@1.7.6_@better-auth+core@1.7.6_@better-auth+utils@0.4.2_@better-fetch+fetch@1.3.2_better-call@1.4.0_jose@6.2.12_kysely@0.29.6_nanostores@1.5.4": {
      "integrity": "sha512-xgRwPja2wTJtcu+OQZR2IiNpAmviddnW3n5Do5umXRugJFW3v9KlSmYjYm580mVsPnU4upvZkvSRl9v8DgSDtA==",
      "dependencies": [
        "@better-auth/core",
        "@better-auth/utils@0.4.2",
        "@better-fetch/fetch"
      ]
    },
    "@better-auth/utils@0.4.2": {
      "integrity": "sha512-AUxrvu+HaaODsUyzDxFgwd/8RZ1yZaYo42LXKSrU2oGgR38pS1ij8nqQKNgtTWoYGpNevNXtCfgTy6loHveW9A==",
      "dependencies": [
        "@noble/hashes"
      ]
    },
    "@better-auth/utils@0.5.0": {
      "integrity": "sha512-BL8W4EfIZFwlu0r54m3v1ztjDhu6dDe/amLTm0xybmbZaNgYUqhD3SjpAsnq0q8YD6/ki4iwIgxJNLP/N3TxiA==",
      "dependencies": [
        "@noble/hashes"
      ]
    },
    "@better-fetch/fetch@1.3.2": {
      "integrity": "sha512-Gs7n99b5tqUC6cQAPbV0uED3IraHB6xQbHLQ/C3l7ZFafHScOx9pQ+DYmP5blbLFShVWLqxNUlI9wi4xU/X+ow=="
    },
    "@esbuild/aix-ppc64@0.25.10": {
      "integrity": "sha512-0NFWnA+7l41irNuaSVlLfgNT12caWJVLzp5eAVhZ0z1qpxbockccEt3s+149rE64VUI3Ml2zt8Nv5JVc4QXTsw==",
      "os": ["aix"],
      "cpu": ["ppc64"]
    },
    "@esbuild/android-arm64@0.25.10": {
      "integrity": "sha512-LSQa7eDahypv/VO6WKohZGPSJDq5OVOo3UoFR1E4t4Gj1W7zEQMUhI+lo81H+DtB+kP+tDgBp+M4oNCwp6kffg==",
      "os": ["android"],
      "cpu": ["arm64"]
    },
    "@esbuild/android-arm@0.25.10": {
      "integrity": "sha512-dQAxF1dW1C3zpeCDc5KqIYuZ1tgAdRXNoZP7vkBIRtKZPYe2xVr/d3SkirklCHudW1B45tGiUlz2pUWDfbDD4w==",
      "os": ["android"],
      "cpu": ["arm"]
    },
    "@esbuild/android-x64@0.25.10": {
      "integrity": "sha512-MiC9CWdPrfhibcXwr39p9ha1x0lZJ9KaVfvzA0Wxwz9ETX4v5CHfF09bx935nHlhi+MxhA63dKRRQLiVgSUtEg==",
      "os": ["android"],
      "cpu": ["x64"]
    },
    "@esbuild/darwin-arm64@0.25.10": {
      "integrity": "sha512-JC74bdXcQEpW9KkV326WpZZjLguSZ3DfS8wrrvPMHgQOIEIG/sPXEN/V8IssoJhbefLRcRqw6RQH2NnpdprtMA==",
      "os": ["darwin"],
      "cpu": ["arm64"]
    },
    "@esbuild/darwin-x64@0.25.10": {
      "integrity": "sha512-tguWg1olF6DGqzws97pKZ8G2L7Ig1vjDmGTwcTuYHbuU6TTjJe5FXbgs5C1BBzHbJ2bo1m3WkQDbWO2PvamRcg==",
      "os": ["darwin"],
      "cpu": ["x64"]
    },
    "@esbuild/freebsd-arm64@0.25.10": {
      "integrity": "sha512-3ZioSQSg1HT2N05YxeJWYR+Libe3bREVSdWhEEgExWaDtyFbbXWb49QgPvFH8u03vUPX10JhJPcz7s9t9+boWg==",
      "os": ["freebsd"],
      "cpu": ["arm64"]
    },
    "@esbuild/freebsd-x64@0.25.10": {
      "integrity": "sha512-LLgJfHJk014Aa4anGDbh8bmI5Lk+QidDmGzuC2D+vP7mv/GeSN+H39zOf7pN5N8p059FcOfs2bVlrRr4SK9WxA==",
      "os": ["freebsd"],
      "cpu": ["x64"]
    },
    "@esbuild/linux-arm64@0.25.10": {
      "integrity": "sha512-5luJWN6YKBsawd5f9i4+c+geYiVEw20FVW5x0v1kEMWNq8UctFjDiMATBxLvmmHA4bf7F6hTRaJgtghFr9iziQ==",
      "os": ["linux"],
      "cpu": ["arm64"]
    },
    "@esbuild/linux-arm@0.25.10": {
      "integrity": "sha512-oR31GtBTFYCqEBALI9r6WxoU/ZofZl962pouZRTEYECvNF/dtXKku8YXcJkhgK/beU+zedXfIzHijSRapJY3vg==",
      "os": ["linux"],
      "cpu": ["arm"]
    },
    "@esbuild/linux-ia32@0.25.10": {
      "integrity": "sha512-NrSCx2Kim3EnnWgS4Txn0QGt0Xipoumb6z6sUtl5bOEZIVKhzfyp/Lyw4C1DIYvzeW/5mWYPBFJU3a/8Yr75DQ==",
      "os": ["linux"],
      "cpu": ["ia32"]
    },
    "@esbuild/linux-loong64@0.25.10": {
      "integrity": "sha512-xoSphrd4AZda8+rUDDfD9J6FUMjrkTz8itpTITM4/xgerAZZcFW7Dv+sun7333IfKxGG8gAq+3NbfEMJfiY+Eg==",
      "os": ["linux"],
      "cpu": ["loong64"]
    },
    "@esbuild/linux-mips64el@0.25.10": {
      "integrity": "sha512-ab6eiuCwoMmYDyTnyptoKkVS3k8fy/1Uvq7Dj5czXI6DF2GqD2ToInBI0SHOp5/X1BdZ26RKc5+qjQNGRBelRA==",
      "os": ["linux"],
      "cpu": ["mips64el"]
    },
    "@esbuild/linux-ppc64@0.25.10": {
      "integrity": "sha512-NLinzzOgZQsGpsTkEbdJTCanwA5/wozN9dSgEl12haXJBzMTpssebuXR42bthOF3z7zXFWH1AmvWunUCkBE4EA==",
      "os": ["linux"],
      "cpu": ["ppc64"]
    },
    "@esbuild/linux-riscv64@0.25.10": {
      "integrity": "sha512-FE557XdZDrtX8NMIeA8LBJX3dC2M8VGXwfrQWU7LB5SLOajfJIxmSdyL/gU1m64Zs9CBKvm4UAuBp5aJ8OgnrA==",
      "os": ["linux"],
      "cpu": ["riscv64"]
    },
    "@esbuild/linux-s390x@0.25.10": {
      "integrity": "sha512-3BBSbgzuB9ajLoVZk0mGu+EHlBwkusRmeNYdqmznmMc9zGASFjSsxgkNsqmXugpPk00gJ0JNKh/97nxmjctdew==",
      "os": ["linux"],
      "cpu": ["s390x"]
    },
    "@esbuild/linux-x64@0.25.10": {
      "integrity": "sha512-QSX81KhFoZGwenVyPoberggdW1nrQZSvfVDAIUXr3WqLRZGZqWk/P4T8p2SP+de2Sr5HPcvjhcJzEiulKgnxtA==",
      "os": ["linux"],
      "cpu": ["x64"]
    },
    "@esbuild/netbsd-arm64@0.25.10": {
      "integrity": "sha512-AKQM3gfYfSW8XRk8DdMCzaLUFB15dTrZfnX8WXQoOUpUBQ+NaAFCP1kPS/ykbbGYz7rxn0WS48/81l9hFl3u4A==",
      "os": ["netbsd"],
      "cpu": ["arm64"]
    },
    "@esbuild/netbsd-x64@0.25.10": {
      "integrity": "sha512-7RTytDPGU6fek/hWuN9qQpeGPBZFfB4zZgcz2VK2Z5VpdUxEI8JKYsg3JfO0n/Z1E/6l05n0unDCNc4HnhQGig==",
      "os": ["netbsd"],
      "cpu": ["x64"]
    },
    "@esbuild/openbsd-arm64@0.25.10": {
      "integrity": "sha512-5Se0VM9Wtq797YFn+dLimf2Zx6McttsH2olUBsDml+lm0GOCRVebRWUvDtkY4BWYv/3NgzS8b/UM3jQNh5hYyw==",
      "os": ["openbsd"],
      "cpu": ["arm64"]
    },
    "@esbuild/openbsd-x64@0.25.10": {
      "integrity": "sha512-XkA4frq1TLj4bEMB+2HnI0+4RnjbuGZfet2gs/LNs5Hc7D89ZQBHQ0gL2ND6Lzu1+QVkjp3x1gIcPKzRNP8bXw==",
      "os": ["openbsd"],
      "cpu": ["x64"]
    },
    "@esbuild/openharmony-arm64@0.25.10": {
      "integrity": "sha512-AVTSBhTX8Y/Fz6OmIVBip9tJzZEUcY8WLh7I59+upa5/GPhh2/aM6bvOMQySspnCCHvFi79kMtdJS1w0DXAeag==",
      "os": ["openharmony"],
      "cpu": ["arm64"]
    },
    "@esbuild/sunos-x64@0.25.10": {
      "integrity": "sha512-fswk3XT0Uf2pGJmOpDB7yknqhVkJQkAQOcW/ccVOtfx05LkbWOaRAtn5SaqXypeKQra1QaEa841PgrSL9ubSPQ==",
      "os": ["sunos"],
      "cpu": ["x64"]
    },
    "@esbuild/win32-arm64@0.25.10": {
      "integrity": "sha512-ah+9b59KDTSfpaCg6VdJoOQvKjI33nTaQr4UluQwW7aEwZQsbMCfTmfEO4VyewOxx4RaDT/xCy9ra2GPWmO7Kw==",
      "os": ["win32"],
      "cpu": ["arm64"]
    },
    "@esbuild/win32-ia32@0.25.10": {
      "integrity": "sha512-QHPDbKkrGO8/cz9LKVnJU22HOi4pxZnZhhA2HYHez5Pz4JeffhDjf85E57Oyco163GnzNCVkZK0b/n4Y0UHcSw==",
      "os": ["win32"],
      "cpu": ["ia32"]
    },
    "@esbuild/win32-x64@0.25.10": {
      "integrity": "sha512-9KpxSVFCu0iK1owoez6aC/s/EdUQLDN3adTxGCqxMVhrPDj6bt5dbrHDXUuq+Bs2vATFBBrQS5vdQ/Ed2P+nbw==",
      "os": ["win32"],
      "cpu": ["x64"]
    },
    "@isaacs/fs-minipass@4.0.1": {
      "integrity": "sha512-wgm9Ehl2jpeqP3zw/7mo3kRHFp5MEDhqAdwy1fTGkHAwnkGOVsgpvQhL8B5n1qlb01jV3n/bI0ZfZp5lWA1k4w==",
      "dependencies": [
        "minipass"
      ]
    },
    "@jridgewell/gen-mapping@0.3.13": {
      "integrity": "sha512-2kkt/7niJ6MgEPxF0bYdQ6etZaA+fQvDcLKckhy1yIQOzaoKjBBjSj63/aLVjYE3qhRt5dvM+uUyfCg6UKCBbA==",
      "dependencies": [
        "@jridgewell/sourcemap-codec",
        "@jridgewell/trace-mapping"
      ]
    },
    "@jridgewell/remapping@2.3.5": {
      "integrity": "sha512-LI9u/+laYG4Ds1TDKSJW2YPrIlcVYOwi2fUC6xB43lueCjgxV4lffOCZCtYFiH6TNOX+tQKXx97T4IKHbhyHEQ==",
      "dependencies": [
        "@jridgewell/gen-mapping",
        "@jridgewell/trace-mapping"
      ]
    },
    "@jridgewell/resolve-uri@3.1.2": {
      "integrity": "sha512-bRISgCIjP20/tbWSPWMEi54QVPRZExkuD9lJL+UIxUKtwVJA8wW1Trb1jMs1RFXo1CBTNZ/5hpC9QvmKWdopKw=="
    },
    "@jridgewell/sourcemap-codec@1.6.0": {
      "integrity": "sha512-T7jf+5zgsZHwNJ4lvQ7/aezbyk0nNX+zJVWpmHA7VYsEx7a7qr5Rg5IbtJFqkgze5Y2sruq1RUY8Q837Od7iFw=="
    },
    "@jridgewell/trace-mapping@0.3.31": {
      "integrity": "sha512-zzNR+SdQSDJzc8joaeP8QQoCQr8NuYx2dIIytl1QeBEZHJ9uW6hebsrYgbz8hJwUQao3TWCMtmfV8Nu1twOLAw==",
      "dependencies": [
        "@jridgewell/resolve-uri",
        "@jridgewell/sourcemap-codec"
      ]
    },
    "@noble/ciphers@2.4.0": {
      "integrity": "sha512-AnjFn0Jv92laAkvMrghlFZq4qQCIN/4DxFV/eooqtC2YTjB7kBeLMS2T9KJX4Dn+ZVXLOwK0lSgqDtx9gvxtiw=="
    },
    "@noble/hashes@2.4.0": {
      "integrity": "sha512-X5XaVWZIBCT7HHZGm5I7ZQXDwLG+bGXuSrMQAW+7Zvl87h1kmc1ZB1VSRJcpUfoUrGQp4Fkoxm5kZ+Ms+aW+eA=="
    },
    "@opentelemetry/semantic-conventions@1.43.0": {
      "integrity": "sha512-eSYWTm620tTk45EKSedaUL8MFYI8hW164hIXsgIHyxu3VobUB3fFCu5t0hQby6OoWRPsG1KkKUG2M5UadiLiVg=="
    },
    "@parcel/watcher-android-arm64@2.6.0": {
      "integrity": "sha512-trgpLSCKRC/huFjXX/Smh+0sWe4+YtKfktIToiMl59ghz7z+qkH6kMvNnUbLyRs9N11t8l4svSCs1+5B3rOAhA==",
      "os": ["android"],
      "cpu": ["arm64"]
    },
    "@parcel/watcher-darwin-arm64@2.6.0": {
      "integrity": "sha512-Y3QV0gl7Q1zbfueunkWIERICbEojQFCgpyG7YqOGNFLsckXyI1xu9mAIUpKY9QBYzBtSkN8dBPwd3yiAO9ovMw==",
      "os": ["darwin"],
      "cpu": ["arm64"]
    },
    "@parcel/watcher-darwin-x64@2.6.0": {
      "integrity": "sha512-Ohv6OpzhUfKYD7Beb8kDvG0jbIxORCYY1JRdZnaBtnjjkJxgD7ZVL0nw2sCYd0yTMKTvz3nnTnOF3cDifK+kvw==",
      "os": ["darwin"],
      "cpu": ["x64"]
    },
    "@parcel/watcher-freebsd-x64@2.6.0": {
      "integrity": "sha512-5HmXvDgs8VK+74jF9y9/2FE3/OnlcKmc56tjmSrEuZjpSZOGL+fvAu+HKJBdPs9uwoP2hE6TlSUpXZ/C5jUFmQ==",
      "os": ["freebsd"],
      "cpu": ["x64"]
    },
    "@parcel/watcher-linux-arm-glibc@2.6.0": {
      "integrity": "sha512-Ps/hui3A+vMbjdqlqAowK2ZL8+BO8dBjxeWXj6npTBs3jx4wWmbPpaLuqwrQrSqIVMCnpWo238bJ1U37GhQOYg==",
      "os": ["linux"],
      "cpu": ["arm"]
    },
    "@parcel/watcher-linux-arm-musl@2.6.0": {
      "integrity": "sha512-9c6AUHgHoG+IY88MRIHupztQiQnrbqHYQjkM2btA+Bf/wQnQMuiD0Wfk1EVv3TlNT3x41uU71rn6E4xh/+zvkw==",
      "os": ["linux"],
      "cpu": ["arm"]
    },
    "@parcel/watcher-linux-arm64-glibc@2.6.0": {
      "integrity": "sha512-yHRqS2owEXe6Hic9z6Mh1ECsCd+ODVOGvZDyciqRd21+v+o+DnXMOrw50DSpIG2sb8GPEaPPmfeCAWKPJdq46g==",
      "os": ["linux"],
      "cpu": ["arm64"]
    },
    "@parcel/watcher-linux-arm64-musl@2.6.0": {
      "integrity": "sha512-WhB2e/V7rqdHHWZusBSPuy5Ei8S6lSz6FE5TKKQz5h3a0O+C+mhY7vxU9b/stqvMb8beLnPY82ZrFTLKs+SrKA==",
      "os": ["linux"],
      "cpu": ["arm64"]
    },
    "@parcel/watcher-linux-x64-glibc@2.6.0": {
      "integrity": "sha512-ulGE6x6Oz6iAwg75T8YQSoguBWasniIbX+QWpaYPcCnDOpdWX3k+4xbEYPZVLxOuoJI+svJJPD3sEj8G7lrQ3A==",
      "os": ["linux"],
      "cpu": ["x64"]
    },
    "@parcel/watcher-linux-x64-musl@2.6.0": {
      "integrity": "sha512-tkBYKt7YQrjIJWYDnto2YgO8MRkjlMTSNoRHzsXinBqbLdeOM3L32wPZJvIZxqaLMfSlS/4sUjH/6STVP/XDLw==",
      "os": ["linux"],
      "cpu": ["x64"]
    },
    "@parcel/watcher-win32-arm64@2.6.0": {
      "integrity": "sha512-gIZAP23jaHjGWasY/TY6yL7NHFClf0Ga7FN+iINvk+KN94rhm94lYZhFsbYFNcA04/onvGD9kKmiJLJB2HbNwQ==",
      "os": ["win32"],
      "cpu": ["arm64"]
    },
    "@parcel/watcher-win32-x64@2.6.0": {
      "integrity": "sha512-cA+/pXV2YkfxlIcXOQ5fSWqAzzPyD78/x5qbK/I0vUkrlYHA8TIz+MXjAbGouguKVSI4bOmkTSJ1/poVSsgt+A==",
      "os": ["win32"],
      "cpu": ["x64"]
    },
    "@parcel/watcher@2.6.0": {
      "integrity": "sha512-7FNeNl8NCE7aINx7WXiKQrPYZWC/hvrTsmk6zmxbI7LTXE7hVek/n8AfVgpe2y82zl3w0HvCHN0bVKMBoJcC0w==",
      "dependencies": [
        "detect-libc",
        "is-glob",
        "node-addon-api",
        "picomatch"
      ],
      "optionalDependencies": [
        "@parcel/watcher-android-arm64",
        "@parcel/watcher-darwin-arm64",
        "@parcel/watcher-darwin-x64",
        "@parcel/watcher-freebsd-x64",
        "@parcel/watcher-linux-arm-glibc",
        "@parcel/watcher-linux-arm-musl",
        "@parcel/watcher-linux-arm64-glibc",
        "@parcel/watcher-linux-arm64-musl",
        "@parcel/watcher-linux-x64-glibc",
        "@parcel/watcher-linux-x64-musl",
        "@parcel/watcher-win32-arm64",
        "@parcel/watcher-win32-x64"
      ],
      "scripts": true
    },
    "@standard-schema/spec@1.1.0": {
      "integrity": "sha512-l2aFy5jALhniG5HgqrD6jXLi/rUWrKvqN/qJx6yoJsgKhblVd+iqqU4RCXavm/jPityDo5TCvKMnpjKnOriy0w=="
    },
    "@tailwindcss/cli@4.1.13": {
      "integrity": "sha512-KEu/iL4CYBzGza/2yZBLXqjCCZB/eRWkRLP8Vg2kkEWk4usC8HLGJW0QAhLS7U5DsAWumsisxgabuppE6NinLw==",
      "dependencies": [
        "@parcel/watcher",
        "@tailwindcss/node",
        "@tailwindcss/oxide",
        "enhanced-resolve",
        "mri",
        "picocolors",
        "tailwindcss"
      ],
      "bin": true
    },
    "@tailwindcss/node@4.1.13": {
      "integrity": "sha512-eq3ouolC1oEFOAvOMOBAmfCIqZBJuvWvvYWh5h5iOYfe1HFC6+GZ6EIL0JdM3/niGRJmnrOc+8gl9/HGUaaptw==",
      "dependencies": [
        "@jridgewell/remapping",
        "enhanced-resolve",
        "jiti",
        "lightningcss",
        "magic-string",
        "source-map-js",
        "tailwindcss"
      ]
    },
    "@tailwindcss/oxide-android-arm64@4.1.13": {
      "integrity": "sha512-BrpTrVYyejbgGo57yc8ieE+D6VT9GOgnNdmh5Sac6+t0m+v+sKQevpFVpwX3pBrM2qKrQwJ0c5eDbtjouY/+ew==",
      "os": ["android"],
      "cpu": ["arm64"]
    },
    "@tailwindcss/oxide-darwin-arm64@4.1.13": {
      "integrity": "sha512-YP+Jksc4U0KHcu76UhRDHq9bx4qtBftp9ShK/7UGfq0wpaP96YVnnjFnj3ZFrUAjc5iECzODl/Ts0AN7ZPOANQ==",
      "os": ["darwin"],
      "cpu": ["arm64"]
    },
    "@tailwindcss/oxide-darwin-x64@4.1.13": {
      "integrity": "sha512-aAJ3bbwrn/PQHDxCto9sxwQfT30PzyYJFG0u/BWZGeVXi5Hx6uuUOQEI2Fa43qvmUjTRQNZnGqe9t0Zntexeuw==",
      "os": ["darwin"],
      "cpu": ["x64"]
    },
    "@tailwindcss/oxide-freebsd-x64@4.1.13": {
      "integrity": "sha512-Wt8KvASHwSXhKE/dJLCCWcTSVmBj3xhVhp/aF3RpAhGeZ3sVo7+NTfgiN8Vey/Fi8prRClDs6/f0KXPDTZE6nQ==",
      "os": ["freebsd"],
      "cpu": ["x64"]
    },
    "@tailwindcss/oxide-linux-arm-gnueabihf@4.1.13": {
      "integrity": "sha512-mbVbcAsW3Gkm2MGwA93eLtWrwajz91aXZCNSkGTx/R5eb6KpKD5q8Ueckkh9YNboU8RH7jiv+ol/I7ZyQ9H7Bw==",
      "os": ["linux"],
      "cpu": ["arm"]
    },
    "@tailwindcss/oxide-linux-arm64-gnu@4.1.13": {
      "integrity": "sha512-wdtfkmpXiwej/yoAkrCP2DNzRXCALq9NVLgLELgLim1QpSfhQM5+ZxQQF8fkOiEpuNoKLp4nKZ6RC4kmeFH0HQ==",
      "os": ["linux"],
      "cpu": ["arm64"]
    },
    "@tailwindcss/oxide-linux-arm64-musl@4.1.13": {
      "integrity": "sha512-hZQrmtLdhyqzXHB7mkXfq0IYbxegaqTmfa1p9MBj72WPoDD3oNOh1Lnxf6xZLY9C3OV6qiCYkO1i/LrzEdW2mg==",
      "os": ["linux"],
      "cpu": ["arm64"]
    },
    "@tailwindcss/oxide-linux-x64-gnu@4.1.13": {
      "integrity": "sha512-uaZTYWxSXyMWDJZNY1Ul7XkJTCBRFZ5Fo6wtjrgBKzZLoJNrG+WderJwAjPzuNZOnmdrVg260DKwXCFtJ/hWRQ==",
      "os": ["linux"],
      "cpu": ["x64"]
    },
    "@tailwindcss/oxide-linux-x64-musl@4.1.13": {
      "integrity": "sha512-oXiPj5mi4Hdn50v5RdnuuIms0PVPI/EG4fxAfFiIKQh5TgQgX7oSuDWntHW7WNIi/yVLAiS+CRGW4RkoGSSgVQ==",
      "os": ["linux"],
      "cpu": ["x64"]
    },
    "@tailwindcss/oxide-wasm32-wasi@4.1.13": {
      "integrity": "sha512-+LC2nNtPovtrDwBc/nqnIKYh/W2+R69FA0hgoeOn64BdCX522u19ryLh3Vf3F8W49XBcMIxSe665kwy21FkhvA==",
      "cpu": ["wasm32"]
    },
    "@tailwindcss/oxide-win32-arm64-msvc@4.1.13": {
      "integrity": "sha512-dziTNeQXtoQ2KBXmrjCxsuPk3F3CQ/yb7ZNZNA+UkNTeiTGgfeh+gH5Pi7mRncVgcPD2xgHvkFCh/MhZWSgyQg==",
      "os": ["win32"],
      "cpu": ["arm64"]
    },
    "@tailwindcss/oxide-win32-x64-msvc@4.1.13": {
      "integrity": "sha512-3+LKesjXydTkHk5zXX01b5KMzLV1xl2mcktBJkje7rhFUpUlYJy7IMOLqjIRQncLTa1WZZiFY/foAeB5nmaiTw==",
      "os": ["win32"],
      "cpu": ["x64"]
    },
    "@tailwindcss/oxide@4.1.13": {
      "integrity": "sha512-CPgsM1IpGRa880sMbYmG1s4xhAy3xEt1QULgTJGQmZUeNgXFR7s1YxYygmJyBGtou4SyEosGAGEeYqY7R53bIA==",
      "dependencies": [
        "detect-libc",
        "tar"
      ],
      "optionalDependencies": [
        "@tailwindcss/oxide-android-arm64",
        "@tailwindcss/oxide-darwin-arm64",
        "@tailwindcss/oxide-darwin-x64",
        "@tailwindcss/oxide-freebsd-x64",
        "@tailwindcss/oxide-linux-arm-gnueabihf",
        "@tailwindcss/oxide-linux-arm64-gnu",
        "@tailwindcss/oxide-linux-arm64-musl",
        "@tailwindcss/oxide-linux-x64-gnu",
        "@tailwindcss/oxide-linux-x64-musl",
        "@tailwindcss/oxide-wasm32-wasi",
        "@tailwindcss/oxide-win32-arm64-msvc",
        "@tailwindcss/oxide-win32-x64-msvc"
      ],
      "scripts": true
    },
    "@types/node@26.6.3": {
      "integrity": "sha512-dsqMQQoeTLqu9wynDD00q573mNzso3IdQOAfHRJqLCcmCFPoGo9A1bDpUcv/9tnKpErQWv9uKeGfl37EIS02Yg==",
      "dependencies": [
        "undici-types"
      ]
    },
    "@types/pg@8.23.1": {
      "integrity": "sha512-fKVHpikPdg4GKks3JuLEhvwSyvwzF23hnabPy6DD8ljVbC7+6J5dQzdv4arV6jqq57djnMgs1HKBxX4P8aBI3A==",
      "dependencies": [
        "@types/node",
        "pg-protocol",
        "pg-types"
      ]
    },
    "@types/react-dom@19.2.3_@types+react@19.2.17": {
      "integrity": "sha512-jp2L/eY6fn+KgVVQAOqYItbF0VY/YApe5Mz2F0aykSO8gx31bYCZyvSeYxCHKvzHG5eZjc+zyaS5BrBWya2+kQ==",
      "dependencies": [
        "@types/react"
      ]
    },
    "@types/react@19.2.17": {
      "integrity": "sha512-MXfmqaVPEVgkBT/aY0aGCkRWWtByiYQXo3xdQ8r5RzuFrPiRn8Gar2tQdXSUQ2GKV3bkXckek89V8wQBY2Q/Aw==",
      "dependencies": [
        "csstype"
      ]
    },
    "better-auth@1.7.6_pg@8.23.0_react@19.2.0_react-dom@19.2.0": {
      "integrity": "sha512-WTMqOpmTTj+oBoX7zzPOzL85342Upyf+/v0IkH1kvGRA85lV4JGRFIYMIRKqvjZ6ShsuL5VX/c9C13jtoZXcKA==",
      "dependencies": [
        "@better-auth/core",
        "@better-auth/drizzle-adapter",
        "@better-auth/kysely-adapter",
        "@better-auth/memory-adapter",
        "@better-auth/mongo-adapter",
        "@better-auth/prisma-adapter",
        "@better-auth/telemetry",
        "@better-auth/utils@0.4.2",
        "@better-fetch/fetch",
        "@noble/ciphers",
        "@noble/hashes",
        "better-call",
        "defu",
        "jose",
        "kysely",
        "nanostores",
        "pg",
        "react",
        "react-dom",
        "zod"
      ],
      "optionalPeers": [
        "pg",
        "react",
        "react-dom"
      ]
    },
    "better-call@1.4.0_zod@4.6.5": {
      "integrity": "sha512-bBKOT4vv1kZLDgxVePdilk/Jwkn+dtRRsmi3DzHcDP+WnswyVl6dR59l2HEeP/0cB+bDoopASAesWDPIdd/zZA==",
      "dependencies": [
        "@better-auth/utils@0.5.0",
        "@better-fetch/fetch",
        "rou3",
        "set-cookie-parser",
        "zod"
      ],
      "optionalPeers": [
        "zod"
      ]
    },
    "chownr@3.0.0": {
      "integrity": "sha512-+IxzY9BZOQd/XuYPRmrvEVjF/nqj5kgT4kEq7VofrDoM1MxoRjEWkrCC3EtLi59TVawxTAn+orJwFQcrqEN1+g=="
    },
    "class-variance-authority@0.7.1": {
      "integrity": "sha512-Ka+9Trutv7G8M6WT6SeiRWz792K5qEqIGEGzXKhAE6xOWAY6pPH8U+9IY3oCMv6kqTmLsv7Xh/2w2RigkePMsg==",
      "dependencies": [
        "clsx"
      ]
    },
    "clsx@2.1.1": {
      "integrity": "sha512-eYm0QWBtUrBWZWG0d386OGAw16Z995PiOVo2B7bjWSbHedGl5e0ZWaq65kOGgUSNesEIDkB9ISbTg/JK9dhCZA=="
    },
    "csstype@3.2.3": {
      "integrity": "sha512-z1HGKcYy2xA8AGQfwrn0PAy+PB7X/GSj3UVJW9qKyn43xWa+gl5nXmU4qqLMRzWVLFC8KusUX8T/0kCiOYpAIQ=="
    },
    "defu@6.1.7": {
      "integrity": "sha512-7z22QmUWiQ/2d0KkdYmANbRUVABpZ9SNYyH5vx6PZ+nE5bcC0l7uFvEfHlyld/HcGBFTL536ClDt3DEcSlEJAQ=="
    },
    "detect-libc@2.1.2": {
      "integrity": "sha512-Btj2BOOO83o3WyH59e8MgXsxEQVcarkUOpEYrubB0urwnN10yQ364rsiByU11nZlqWYZm05i/of7io4mzihBtQ=="
    },
    "enhanced-resolve@5.25.1": {
      "integrity": "sha512-nGXts5znJzmWPu+mIE9izCOzdg63oJca2mDzGWWTth7sr4aCToKcoyFVBQwN75Ij5Pf6p510EwkTqViTRzDV+w==",
      "dependencies": [
        "graceful-fs",
        "tapable"
      ]
    },
    "esbuild@0.25.10": {
      "integrity": "sha512-9RiGKvCwaqxO2owP61uQ4BgNborAQskMR6QusfWzQqv7AZOg5oGehdY2pRJMTKuwxd1IDBP4rSbI5lHzU7SMsQ==",
      "optionalDependencies": [
        "@esbuild/aix-ppc64",
        "@esbuild/android-arm",
        "@esbuild/android-arm64",
        "@esbuild/android-x64",
        "@esbuild/darwin-arm64",
        "@esbuild/darwin-x64",
        "@esbuild/freebsd-arm64",
        "@esbuild/freebsd-x64",
        "@esbuild/linux-arm",
        "@esbuild/linux-arm64",
        "@esbuild/linux-ia32",
        "@esbuild/linux-loong64",
        "@esbuild/linux-mips64el",
        "@esbuild/linux-ppc64",
        "@esbuild/linux-riscv64",
        "@esbuild/linux-s390x",
        "@esbuild/linux-x64",
        "@esbuild/netbsd-arm64",
        "@esbuild/netbsd-x64",
        "@esbuild/openbsd-arm64",
        "@esbuild/openbsd-x64",
        "@esbuild/openharmony-arm64",
        "@esbuild/sunos-x64",
        "@esbuild/win32-arm64",
        "@esbuild/win32-ia32",
        "@esbuild/win32-x64"
      ],
      "scripts": true,
      "bin": true
    },
    "graceful-fs@4.2.11": {
      "integrity": "sha512-RbJ5/jmFcNNCcDV5o9eTnBLJ/HszWV0P73bc+Ff4nS/rJj+YaS6IGyiOL0VoBYX+l1Wrl3k63h/KrH+nhJ0XvQ=="
    },
    "is-extglob@2.1.1": {
      "integrity": "sha512-SbKbANkN603Vi4jEZv49LeVJMn4yGwsbzZworEoyEiutsN3nJYdbO36zfhGJ6QEDpOZIFkDtnq5JRxmvl3jsoQ=="
    },
    "is-glob@4.0.3": {
      "integrity": "sha512-xelSayHH36ZgE7ZWhli7pW34hNbNl8Ojv5KVmkJD4hBdD3th8Tfk9vYasLM+mXWOZhFkgZfxhLSnrwRr4elSSg==",
      "dependencies": [
        "is-extglob"
      ]
    },
    "jiti@2.7.0": {
      "integrity": "sha512-AC/7JofJvZGrrneWNaEnJeOLUx+JlGt7tNa0wZiRPT4MY1wmfKjt2+6O2p2uz2+skll8OZZmJMNqeke7kKbNgQ==",
      "bin": true
    },
    "jose@6.2.12": {
      "integrity": "sha512-9NiFmJEex0sy2Dk58j2UGBSHgUs2ypF9eZSu4L6vjOX3Dp96Sw1F3uL+H+D1sx02jZZdzUT0HgvCy59CuvXcWw=="
    },
    "kysely@0.29.6": {
      "integrity": "sha512-hHaB8C/rfzDDtr/t8YZwxAuPJTT0zHyaPoVzcXwDYhYNAgH/4sIfVhi/XLLIY+bL/FqaIJnjATDbi8ObSELmxg=="
    },
    "lightningcss-darwin-arm64@1.30.1": {
      "integrity": "sha512-c8JK7hyE65X1MHMN+Viq9n11RRC7hgin3HhYKhrMyaXflk5GVplZ60IxyoVtzILeKr+xAJwg6zK6sjTBJ0FKYQ==",
      "os": ["darwin"],
      "cpu": ["arm64"]
    },
    "lightningcss-darwin-x64@1.30.1": {
      "integrity": "sha512-k1EvjakfumAQoTfcXUcHQZhSpLlkAuEkdMBsI/ivWw9hL+7FtilQc0Cy3hrx0AAQrVtQAbMI7YjCgYgvn37PzA==",
      "os": ["darwin"],
      "cpu": ["x64"]
    },
    "lightningcss-freebsd-x64@1.30.1": {
      "integrity": "sha512-kmW6UGCGg2PcyUE59K5r0kWfKPAVy4SltVeut+umLCFoJ53RdCUWxcRDzO1eTaxf/7Q2H7LTquFHPL5R+Gjyig==",
      "os": ["freebsd"],
      "cpu": ["x64"]
    },
    "lightningcss-linux-arm-gnueabihf@1.30.1": {
      "integrity": "sha512-MjxUShl1v8pit+6D/zSPq9S9dQ2NPFSQwGvxBCYaBYLPlCWuPh9/t1MRS8iUaR8i+a6w7aps+B4N0S1TYP/R+Q==",
      "os": ["linux"],
      "cpu": ["arm"]
    },
    "lightningcss-linux-arm64-gnu@1.30.1": {
      "integrity": "sha512-gB72maP8rmrKsnKYy8XUuXi/4OctJiuQjcuqWNlJQ6jZiWqtPvqFziskH3hnajfvKB27ynbVCucKSm2rkQp4Bw==",
      "os": ["linux"],
      "cpu": ["arm64"]
    },
    "lightningcss-linux-arm64-musl@1.30.1": {
      "integrity": "sha512-jmUQVx4331m6LIX+0wUhBbmMX7TCfjF5FoOH6SD1CttzuYlGNVpA7QnrmLxrsub43ClTINfGSYyHe2HWeLl5CQ==",
      "os": ["linux"],
      "cpu": ["arm64"]
    },
    "lightningcss-linux-x64-gnu@1.30.1": {
      "integrity": "sha512-piWx3z4wN8J8z3+O5kO74+yr6ze/dKmPnI7vLqfSqI8bccaTGY5xiSGVIJBDd5K5BHlvVLpUB3S2YCfelyJ1bw==",
      "os": ["linux"],
      "cpu": ["x64"]
    },
    "lightningcss-linux-x64-musl@1.30.1": {
      "integrity": "sha512-rRomAK7eIkL+tHY0YPxbc5Dra2gXlI63HL+v1Pdi1a3sC+tJTcFrHX+E86sulgAXeI7rSzDYhPSeHHjqFhqfeQ==",
      "os": ["linux"],
      "cpu": ["x64"]
    },
    "lightningcss-win32-arm64-msvc@1.30.1": {
      "integrity": "sha512-mSL4rqPi4iXq5YVqzSsJgMVFENoa4nGTT/GjO2c0Yl9OuQfPsIfncvLrEW6RbbB24WtZ3xP/2CCmI3tNkNV4oA==",
      "os": ["win32"],
      "cpu": ["arm64"]
    },
    "lightningcss-win32-x64-msvc@1.30.1": {
      "integrity": "sha512-PVqXh48wh4T53F/1CCu8PIPCxLzWyCnn/9T5W1Jpmdy5h9Cwd+0YQS6/LwhHXSafuc61/xg9Lv5OrCby6a++jg==",
      "os": ["win32"],
      "cpu": ["x64"]
    },
    "lightningcss@1.30.1": {
      "integrity": "sha512-xi6IyHML+c9+Q3W0S4fCQJOym42pyurFiJUHEcEyHS0CeKzia4yZDEsLlqOFykxOdHpNy0NmvVO31vcSqAxJCg==",
      "dependencies": [
        "detect-libc"
      ],
      "optionalDependencies": [
        "lightningcss-darwin-arm64",
        "lightningcss-darwin-x64",
        "lightningcss-freebsd-x64",
        "lightningcss-linux-arm-gnueabihf",
        "lightningcss-linux-arm64-gnu",
        "lightningcss-linux-arm64-musl",
        "lightningcss-linux-x64-gnu",
        "lightningcss-linux-x64-musl",
        "lightningcss-win32-arm64-msvc",
        "lightningcss-win32-x64-msvc"
      ]
    },
    "magic-string@0.30.21": {
      "integrity": "sha512-vd2F4YUyEXKGcLHoq+TEyCjxueSeHnFxyyjNp80yg0XV4vUhnDer/lvvlqM/arB5bXQN5K2/3oinyCRyx8T2CQ==",
      "dependencies": [
        "@jridgewell/sourcemap-codec"
      ]
    },
    "minipass@7.1.3": {
      "integrity": "sha512-tEBHqDnIoM/1rXME1zgka9g6Q2lcoCkxHLuc7ODJ5BxbP5d4c2Z5cGgtXAku59200Cx7diuHTOYfSBD8n6mm8A=="
    },
    "minizlib@3.1.0": {
      "integrity": "sha512-KZxYo1BUkWD2TVFLr0MQoM8vUUigWD3LlD83a/75BqC+4qE0Hb1Vo5v1FgcfaNXvfXzr+5EhQ6ing/CaBijTlw==",
      "dependencies": [
        "minipass"
      ]
    },
    "mri@1.2.0": {
      "integrity": "sha512-tzzskb3bG8LvYGFF/mDTpq3jpI6Q9wc3LEmBaghu+DdCssd1FakN7Bc0hVNmEyGq1bq3RgfkCb3cmQLpNPOroA=="
    },
    "nanostores@1.5.4": {
      "integrity": "sha512-4UXY7OAJEK0Y6V3SudBU7cXjAzTDc189R78dDOh0Xbm19gpKYto6WizSg58LJf12lTsRxKSLGyE117OiLpM4DQ=="
    },
    "node-addon-api@7.1.1": {
      "integrity": "sha512-5m3bsyrjFWE1xf7nz7YXdN4udnVtXK6/Yfgn5qnahL6bCkf2yKt4k3nuTKAtT4r3IG8JNR2ncsIMdZuAzJjHQQ=="
    },
    "pg-cloudflare@1.4.0": {
      "integrity": "sha512-Vo7z/6rrQYxpNRylp4Tlob2elzbh+N/MOQbxFVWCxS7oEx6jF53GTJFxK2WWpKuBRkmiin4Mt+xofFDjx09R0A=="
    },
    "pg-connection-string@2.14.0": {
      "integrity": "sha512-XwWDGcLRGCXAR8F/AM5bG7Q+A3Wm2s6QeEjlOKZLlH3UYcguiqCWKyWXVag5TLTIjR7oOJUY8kcADaZgWPyLeg=="
    },
    "pg-int8@1.0.1": {
      "integrity": "sha512-WCtabS6t3c8SkpDBUlb1kjOs7l66xsGdKpIPZsg4wR+B3+u9UAum2odSsF9tnvxg80h4ZxLWMy4pRjOsFIqQpw=="
    },
    "pg-pool@3.14.0_pg@8.23.0": {
      "integrity": "sha512-gKtPkFdQPU3DksooVLi9LsjZxrsBUZIpa+7aVx+LV5pNh0KzP4Zleud2po+ConrxbuXGBJ6Hfer6hdgpIBpBaw==",
      "dependencies": [
        "pg"
      ]
    },
    "pg-protocol@1.16.0": {
      "integrity": "sha512-sILXutLVjCLjcDuOmvhX5e2Z4cS5qG/6Bu3VkpFwdf/633ElGLpEh9bgmuI5I4sqKqkifQiGyiCcx1HdtrK7tg=="
    },
    "pg-types@2.2.0": {
      "integrity": "sha512-qTAAlrEsl8s4OiEQY69wDvcMIdQN6wdz5ojQiOy6YRMuynxenON0O5oCpJI6lshc6scgAY8qvJ2On/p+CXY0GA==",
      "dependencies": [
        "pg-int8",
        "postgres-array",
        "postgres-bytea",
        "postgres-date",
        "postgres-interval"
      ]
    },
    "pg@8.23.0": {
      "integrity": "sha512-Ip2EQCngowJLGOfCwkFhPXU7/ljlhn6Rxlmy4XYfL2Y+vyRM59+8uR2xqRWKdYmbXmxCFOAmKxBuSUCdF34qLg==",
      "dependencies": [
        "pg-connection-string",
        "pg-pool",
        "pg-protocol",
        "pg-types",
        "pgpass"
      ],
      "optionalDependencies": [
        "pg-cloudflare"
      ]
    },
    "pgpass@1.0.5": {
      "integrity": "sha512-FdW9r/jQZhSeohs1Z3sI1yxFQNFvMcnmfuj4WBMUTxOrAyLMaTcE1aAMBiTlbMNaXvBCQuVi0R7hd8udDSP7ug==",
      "dependencies": [
        "split2"
      ]
    },
    "picocolors@1.1.1": {
      "integrity": "sha512-xceH2snhtb5M9liqDsmEw56le376mTZkEX/jEb/RxNFyegNul7eNslCXP9FDj/Lcu0X8KEyMceP2ntpaHrDEVA=="
    },
    "picomatch@4.0.7": {
      "integrity": "sha512-qcJu88Q2IWqJsDD529JKMdwGm/dvInW4HvQnRwiH9JtihJvzGOscDtHE3x1pBKeUOTysQ8kVmLnJ2kJu7yhcGA=="
    },
    "playwright-core@1.55.0": {
      "integrity": "sha512-GvZs4vU3U5ro2nZpeiwyb0zuFaqb9sUiAJuyrWpcGouD8y9/HLgGbNRjIph7zU9D3hnPaisMl9zG9CgFi/biIg==",
      "bin": true
    },
    "postgres-array@2.0.0": {
      "integrity": "sha512-VpZrUqU5A69eQyW2c5CA1jtLecCsN2U/bD6VilrFDWq5+5UIEVO7nazS3TEcHf1zuPYO/sqGvUvW62g86RXZuA=="
    },
    "postgres-bytea@1.0.1": {
      "integrity": "sha512-5+5HqXnsZPE65IJZSMkZtURARZelel2oXUEO8rH83VS/hxH5vv1uHquPg5wZs8yMAfdv971IU+kcPUczi7NVBQ=="
    },
    "postgres-date@1.0.7": {
      "integrity": "sha512-suDmjLVQg78nMK2UZ454hAG+OAW+HQPZ6n++TNDUX+L0+uUlLywnoxJKDou51Zm+zTCjrCl0Nq6J9C5hP9vK/Q=="
    },
    "postgres-interval@1.2.0": {
      "integrity": "sha512-9ZhXKM/rw350N1ovuWHbGxnGh/SNJ4cnxHiM0rxE4VN41wsg8P8zWn9hv/buK00RP4WvlOyr/RBDiptyxVbkZQ==",
      "dependencies": [
        "xtend"
      ]
    },
    "react-dom@19.2.0_react@19.2.0": {
      "integrity": "sha512-UlbRu4cAiGaIewkPyiRGJk0imDN2T3JjieT6spoL2UeSf5od4n5LB/mQ4ejmxhCFT1tYe8IvaFulzynWovsEFQ==",
      "dependencies": [
        "react",
        "scheduler"
      ]
    },
    "react@19.2.0": {
      "integrity": "sha512-tmbWg6W31tQLeB5cdIBOicJDJRR2KzXsV7uSK9iNfLWQ5bIZfxuPEHp7M8wiHyHnn0DD1i7w3Zmin0FtkrwoCQ=="
    },
    "rou3@0.9.2": {
      "integrity": "sha512-3SOzvaAg8rkHrXtRjpCvCvbyO5to9oOO27Z/XqHEYXfMRVSw/qMIVdmaOk9W2lcRLtR6dlqTjo9hDeJk70QBYQ=="
    },
    "scheduler@0.27.0": {
      "integrity": "sha512-eNv+WrVbKu1f3vbYJT/xtiF5syA5HPIMtf9IgY/nKg0sWqzAUEvqY/xm7OcZc/qafLx/iO9FgOmeSAp4v5ti/Q=="
    },
    "set-cookie-parser@3.1.2": {
      "integrity": "sha512-5/r/lTwbJ3zQ+qwdUFZYeRNqda7P5HD8zQKqlSjdGt1/S0cjLAphHusj4Y58ahDtWn/g32xrIS58/ikOvwl0Lw=="
    },
    "source-map-js@1.2.1": {
      "integrity": "sha512-UXWMKhLOwVKb728IUtQPXxfYU+usdybtUrK/8uGE8CQMvrhOpwvzDBwj0QhSL7MQc7vIsISBG8VQ8+IDQxpfQA=="
    },
    "split2@4.2.0": {
      "integrity": "sha512-UcjcJOWknrNkF6PLX83qcHM6KHgVKNkV62Y8a5uYDVv9ydGQVwAHMKqHdJje1VTWpljG0WYpCDhrCdAOYH4TWg=="
    },
    "tailwind-merge@3.3.1": {
      "integrity": "sha512-gBXpgUm/3rp1lMZZrM/w7D8GKqshif0zAymAhbCyIt8KMe+0v9DQ7cdYLR4FHH/cKpdTXb+A/tKKU3eolfsI+g=="
    },
    "tailwindcss@4.1.13": {
      "integrity": "sha512-i+zidfmTqtwquj4hMEwdjshYYgMbOrPzb9a0M3ZgNa0JMoZeFC6bxZvO8yr8ozS6ix2SDz0+mvryPeBs2TFE+w=="
    },
    "tapable@2.3.3": {
      "integrity": "sha512-uxc/zpqFg6x7C8vOE7lh6Lbda8eEL9zmVm/PLeTPBRhh1xCgdWaQ+J1CUieGpIfm2HdtsUpRv+HshiasBMcc6A=="
    },
    "tar@7.5.22": {
      "integrity": "sha512-MFO/QzvtAOmJbkhOaCTvbGcFN9L9b+JunIsDwaKljSOdcLMea3NJ1k9Usz/rjdfSXTq4dfzfeS7W4p4YOAAHeA==",
      "dependencies": [
        "@isaacs/fs-minipass",
        "chownr",
        "minipass",
        "minizlib",
        "yallist"
      ]
    },
    "undici-types@8.9.0": {
      "integrity": "sha512-KTDyRTYX8sWmKXAikPHHSyc63CRPETMctyjKFupcC6OBLXT3xsN0e9aF7m+mIXutFWpUXuedtowG7iLOzp0kQg=="
    },
    "xtend@4.0.2": {
      "integrity": "sha512-LKYU1iAXJXUgAXn9URjiu+MWhyUXHsvfp7mcuYm9dSUKK0/CjtrUwFAxD82/mCWbtLsGjFIad0wIsod4zrTAEQ=="
    },
    "yallist@5.0.0": {
      "integrity": "sha512-YgvUTfwqyc7UXVMrB+SImsVYSmTS8X/tSrtdNZMImM+n7+QTriRXyXim0mBrTXNeqzVF0KWGgHPeiyViFFrNDw=="
    },
    "zod@4.6.5": {
      "integrity": "sha512-v5l/aFXZQeai4awLbOpSoHecE9UiMrnfx75tEXLjNonXVARxQ5mOeipTjROUchszUNCqnE+hqAMujRsRHsut2Q=="
    }
  },
  "workspace": {
    "members": {
      ".ensemble/kits/build/deno.bundle": {
        "dependencies": [
          "jsr:@david/dax@0.42.0",
          "jsr:@ensemble/kit-sdk@*",
          "jsr:@std/fs@1.0.24",
          "jsr:@std/path@1.1.6"
        ]
      },
      ".ensemble/kits/build/react": {
        "dependencies": [
          "jsr:@david/dax@0.42.0",
          "jsr:@ensemble/kit-sdk@*",
          "jsr:@std/fs@1.0.24",
          "jsr:@std/path@1.1.6"
        ]
      },
      ".ensemble/kits/deploy/aws": {
        "dependencies": [
          "jsr:@ensemble/kit-sdk@*",
          "jsr:@std/assert@^1.0.19",
          "jsr:@std/path@1.1.6",
          "jsr:@std/testing@1.0.16",
          "jsr:@std/yaml@1.1.2"
        ]
      },
      ".ensemble/kits/deploy/compose": {
        "dependencies": [
          "jsr:@ensemble/kit-sdk@*",
          "jsr:@std/assert@^1.0.19",
          "jsr:@std/path@1.1.6",
          "jsr:@std/testing@1.0.16",
          "jsr:@std/yaml@1.1.2"
        ]
      },
      ".ensemble/kits/lib/jsr": {
        "dependencies": [
          "jsr:@david/dax@0.42.0",
          "jsr:@ensemble/kit-sdk@*",
          "jsr:@std/assert@1.0.14",
          "jsr:@std/path@1.1.6"
        ]
      },
      ".ensemble/kits/pack/deno.compile": {
        "dependencies": [
          "jsr:@david/dax@0.42.0",
          "jsr:@ensemble/kit-sdk@*",
          "jsr:@std/fs@1.0.24",
          "jsr:@std/path@1.1.6",
          "jsr:@std/yaml@1.1.2"
        ]
      },
      ".ensemble/kits/pack/docker": {
        "dependencies": [
          "jsr:@david/dax@0.42.0",
          "jsr:@ensemble/kit-sdk@*",
          "jsr:@std/fs@1.0.24",
          "jsr:@std/path@1.1.6"
        ]
      },
      "source/apps/cli": {
        "dependencies": [
          "jsr:@std/assert@1.0.14",
          "jsr:@std/yaml@1.1.2"
        ]
      },
      "source/apps/console": {
        "dependencies": [
          "jsr:@std/assert@1.0.14",
          "npm:@tailwindcss/cli@4.1.13",
          "npm:@types/react-dom@19.2.3",
          "npm:@types/react@19.2.17",
          "npm:esbuild@0.25.10",
          "npm:playwright-core@1.55.0",
          "npm:react-dom@19.2.0",
          "npm:react@19.2.0",
          "npm:tailwindcss@4.1.13",
          "npm:zod@^4.1.0"
        ]
      },
      "source/apps/login": {
        "dependencies": [
          "jsr:@std/assert@1.0.14",
          "npm:@tailwindcss/cli@4.1.13",
          "npm:@types/react-dom@19.2.3",
          "npm:@types/react@19.2.17",
          "npm:better-auth@^1.7.3",
          "npm:esbuild@0.25.10",
          "npm:react-dom@19.2.0",
          "npm:react@19.2.0",
          "npm:tailwindcss@4.1.13"
        ]
      },
      "source/apps/orchestrator": {
        "dependencies": [
          "jsr:@std/assert@1.0.14",
          "npm:@types/pg@^8.11.10",
          "npm:better-auth@^1.7.3",
          "npm:pg@^8.13.1",
          "npm:playwright-core@1.55.0"
        ]
      },
      "source/apps/worker": {
        "dependencies": [
          "jsr:@std/assert@1.0.14",
          "npm:@types/pg@^8.11.10",
          "npm:better-auth@^1.7.3",
          "npm:pg@^8.13.1"
        ]
      },
      "source/core/auth": {
        "dependencies": [
          "jsr:@std/assert@1.0.14",
          "npm:@types/pg@^8.11.10",
          "npm:better-auth@^1.7.3",
          "npm:pg@^8.13.1"
        ]
      },
      "source/core/bundle": {
        "dependencies": [
          "jsr:@std/assert@1.0.14",
          "npm:@types/pg@^8.11.10",
          "npm:better-auth@^1.7.3",
          "npm:pg@^8.13.1"
        ]
      },
      "source/core/client": {
        "dependencies": [
          "jsr:@std/assert@1.0.14",
          "npm:zod@^4.1.0"
        ]
      },
      "source/core/contract": {
        "dependencies": [
          "jsr:@std/assert@1.0.14",
          "jsr:@std/yaml@1.1.2",
          "npm:zod@^4.1.0"
        ]
      },
      "source/core/deployment": {
        "dependencies": [
          "jsr:@std/assert@1.0.14"
        ]
      },
      "source/core/doctor": {
        "dependencies": [
          "jsr:@std/assert@1.0.14",
          "jsr:@std/yaml@1.1.2"
        ]
      },
      "source/core/pages": {
        "dependencies": [
          "jsr:@std/assert@1.0.14",
          "npm:zod@^4.1.0"
        ]
      },
      "source/core/registry": {
        "dependencies": [
          "jsr:@std/assert@1.0.14",
          "npm:zod@^4.1.0"
        ]
      },
      "source/core/spec": {
        "dependencies": [
          "jsr:@std/assert@1.0.14",
          "npm:zod@^4.1.0"
        ]
      },
      "source/libs/supervisor": {
        "dependencies": [
          "jsr:@std/assert@1.0.14"
        ]
      },
      "source/libs/ui": {
        "dependencies": [
          "npm:@types/react-dom@19.2.3",
          "npm:@types/react@19.2.17",
          "npm:class-variance-authority@0.7.1",
          "npm:clsx@2.1.1",
          "npm:react@19.2.0",
          "npm:tailwind-merge@3.3.1"
        ]
      }
    }
  }
}
