{
  "version": "5",
  "specifiers": {
    "jsr:@std/assert@1.0.14": "1.0.14",
    "jsr:@std/internal@^1.0.10": "1.0.14",
    "npm:zod@^4.1.0": "4.6.5"
  },
  "jsr": {
    "@std/assert@1.0.14": {
      "integrity": "68d0d4a43b365abc927f45a9b85c639ea18a9fab96ad92281e493e4ed84abaa4",
      "dependencies": [
        "jsr:@std/internal"
      ]
    },
    "@std/internal@1.0.14": {
      "integrity": "291516b3d4c35024d6ffbc0a9df5bf4c64116e05b50012cf846710152d2ffdf7"
    }
  },
  "npm": {
    "zod@4.6.5": {
      "integrity": "sha512-v5l/aFXZQeai4awLbOpSoHecE9UiMrnfx75tEXLjNonXVARxQ5mOeipTjROUchszUNCqnE+hqAMujRsRHsut2Q=="
    }
  },
  "workspace": {
    "members": {
      ".ensemble/kits/build/deno.bundle": {
        "dependencies": [
          "jsr:@david/dax@0.42.0",
          "jsr:@ensemble/kit-sdk@*",
          "jsr:@std/fs@1.0.24",
          "jsr:@std/path@1.1.6"
        ]
      },
      ".ensemble/kits/build/react": {
        "dependencies": [
          "jsr:@david/dax@0.42.0",
          "jsr:@ensemble/kit-sdk@*",
          "jsr:@std/fs@1.0.24",
          "jsr:@std/path@1.1.6"
        ]
      },
      ".ensemble/kits/deploy/aws": {
        "dependencies": [
          "jsr:@ensemble/kit-sdk@*",
          "jsr:@std/assert@^1.0.19",
          "jsr:@std/path@1.1.6",
          "jsr:@std/testing@1.0.16",
          "jsr:@std/yaml@1.1.2"
        ]
      },
      ".ensemble/kits/deploy/compose": {
        "dependencies": [
          "jsr:@ensemble/kit-sdk@*",
          "jsr:@std/assert@^1.0.19",
          "jsr:@std/path@1.1.6",
          "jsr:@std/testing@1.0.16",
          "jsr:@std/yaml@1.1.2"
        ]
      },
      ".ensemble/kits/lib/jsr": {
        "dependencies": [
          "jsr:@david/dax@0.42.0",
          "jsr:@ensemble/kit-sdk@*",
          "jsr:@std/assert@1.0.14",
          "jsr:@std/path@1.1.6"
        ]
      },
      ".ensemble/kits/pack/deno.compile": {
        "dependencies": [
          "jsr:@david/dax@0.42.0",
          "jsr:@ensemble/kit-sdk@*",
          "jsr:@std/fs@1.0.24",
          "jsr:@std/path@1.1.6",
          "jsr:@std/yaml@1.1.2"
        ]
      },
      ".ensemble/kits/pack/docker": {
        "dependencies": [
          "jsr:@david/dax@0.42.0",
          "jsr:@ensemble/kit-sdk@*",
          "jsr:@std/fs@1.0.24",
          "jsr:@std/path@1.1.6"
        ]
      },
      "source/core/registry": {
        "dependencies": [
          "jsr:@std/assert@1.0.14",
          "npm:zod@^4.1.0"
        ]
      },
      "source/core/spec": {
        "dependencies": [
          "jsr:@std/assert@1.0.14",
          "npm:zod@^4.1.0"
        ]
      }
    }
  }
}
